
Microsoft Visual Studio Solution File, Format Version 12.00
# Visual Studio Version 17
VisualStudioVersion = 17.4.33110.190
MinimumVisualStudioVersion = 10.0.40219.1
Project("{9A19103F-16F7-4668-BE54-9A1E7A4F7556}") = "courseStepsSerializer", "courseStepsSerializer.csproj", "{C61FF4AF-F5FF-4A6E-BC37-77FCE8184F2A}"
EndProject
Global
	GlobalSection(SolutionConfigurationPlatforms) = preSolution
		Debug|Any CPU = Debug|Any CPU
		Release|Any CPU = Release|Any CPU
	EndGlobalSection
	GlobalSection(ProjectConfigurationPlatforms) = postSolution
		{C61FF4AF-F5FF-4A6E-BC37-77FCE8184F2A}.Debug|Any CPU.ActiveCfg = Debug|Any CPU
		{C61FF4AF-F5FF-4A6E-BC37-77FCE8184F2A}.Debug|Any CPU.Build.0 = Debug|Any CPU
		{C61FF4AF-F5FF-4A6E-BC37-77FCE8184F2A}.Release|Any CPU.ActiveCfg = Release|Any CPU
		{C61FF4AF-F5FF-4A6E-BC37-77FCE8184F2A}.Release|Any CPU.Build.0 = Release|Any CPU
	EndGlobalSection
	GlobalSection(SolutionProperties) = preSolution
		HideSolutionNode = FALSE
	EndGlobalSection
	GlobalSection(ExtensibilityGlobals) = postSolution
		SolutionGuid = {93D41CDA-3039-4586-93FC-E16174975AC2}
	EndGlobalSection
EndGlobal
